// !$*UTF8*$!
{
	archiveVersion = 1;
	classes = {
	};
	objectVersion = 52;
	objects = {

/* Begin PBXBuildFile section */
		65014BC1282128F40061D063 /* LoginVKViewController.swift in Sources */ = {isa = PBXBuildFile; fileRef = 65014BC0282128F40061D063 /* LoginVKViewController.swift */; };
		653B84CF26D3C19000D4D8B3 /* LikeControl.swift in Sources */ = {isa = PBXBuildFile; fileRef = 653B84CE26D3C19000D4D8B3 /* LikeControl.swift */; };
		656A9EDB28286AFA002B172D /* Realm in Frameworks */ = {isa = PBXBuildFile; productRef = 656A9EDA28286AFA002B172D /* Realm */; };
		656A9EDD28286AFA002B172D /* RealmSwift in Frameworks */ = {isa = PBXBuildFile; productRef = 656A9EDC28286AFA002B172D /* RealmSwift */; };
		6571553E26C1B92700816D66 /* AppDelegate.swift in Sources */ = {isa = PBXBuildFile; fileRef = 6571553D26C1B92700816D66 /* AppDelegate.swift */; };
		6571554026C1B92700816D66 /* SceneDelegate.swift in Sources */ = {isa = PBXBuildFile; fileRef = 6571553F26C1B92700816D66 /* SceneDelegate.swift */; };
		6571554526C1B92700816D66 /* Main.storyboard in Resources */ = {isa = PBXBuildFile; fileRef = 6571554326C1B92700816D66 /* Main.storyboard */; };
		6571554726C1B92800816D66 /* Assets.xcassets in Resources */ = {isa = PBXBuildFile; fileRef = 6571554626C1B92800816D66 /* Assets.xcassets */; };
		6571554A26C1B92800816D66 /* LaunchScreen.storyboard in Resources */ = {isa = PBXBuildFile; fileRef = 6571554826C1B92800816D66 /* LaunchScreen.storyboard */; };
		6579418F26C318630080AB65 /* LoginFormController.swift in Sources */ = {isa = PBXBuildFile; fileRef = 6579418E26C318630080AB65 /* LoginFormController.swift */; };
		6581025B26CC409D006415F7 /* FriendsPhotoViewController.swift in Sources */ = {isa = PBXBuildFile; fileRef = 6581025A26CC409D006415F7 /* FriendsPhotoViewController.swift */; };
		6581025D26CC440A006415F7 /* AllCommunityViewController.swift in Sources */ = {isa = PBXBuildFile; fileRef = 6581025C26CC440A006415F7 /* AllCommunityViewController.swift */; };
		6581025F26CC4AD0006415F7 /* AllCommunityTableViewCell.swift in Sources */ = {isa = PBXBuildFile; fileRef = 6581025E26CC4AD0006415F7 /* AllCommunityTableViewCell.swift */; };
		6591774F26DE5D7B008CC875 /* CustomHeaderView.swift in Sources */ = {isa = PBXBuildFile; fileRef = 6591774E26DE5D7B008CC875 /* CustomHeaderView.swift */; };
		65A5F12026ECE90C00192AA9 /* CustomNavigationController.swift in Sources */ = {isa = PBXBuildFile; fileRef = 65A5F11F26ECE90C00192AA9 /* CustomNavigationController.swift */; };
		65A5F12226ECEA2C00192AA9 /* CustomPushAnimator.swift in Sources */ = {isa = PBXBuildFile; fileRef = 65A5F12126ECEA2C00192AA9 /* CustomPushAnimator.swift */; };
		65A5F12426ECED6100192AA9 /* CustomPopAnimator.swift in Sources */ = {isa = PBXBuildFile; fileRef = 65A5F12326ECED6100192AA9 /* CustomPopAnimator.swift */; };
		65A5F12626ECF6B100192AA9 /* CustomInteractiveTransition.swift in Sources */ = {isa = PBXBuildFile; fileRef = 65A5F12526ECF6B100192AA9 /* CustomInteractiveTransition.swift */; };
		65A6716D26E92C0200D1EC6E /* BigPhotoFriendsViewController.swift in Sources */ = {isa = PBXBuildFile; fileRef = 65A6716C26E92C0200D1EC6E /* BigPhotoFriendsViewController.swift */; };
		65A6716F26E933AE00D1EC6E /* BigPhotoFriendsView.swift in Sources */ = {isa = PBXBuildFile; fileRef = 65A6716E26E933AE00D1EC6E /* BigPhotoFriendsView.swift */; };
		65BE762926C98FED00DD28E8 /* MyCommunityTableViewCell.swift in Sources */ = {isa = PBXBuildFile; fileRef = 65BE762826C98FED00DD28E8 /* MyCommunityTableViewCell.swift */; };
		65BE762B26C994C000DD28E8 /* Friends.swift in Sources */ = {isa = PBXBuildFile; fileRef = 65BE762A26C994C000DD28E8 /* Friends.swift */; };
		65BE762D26C9963D00DD28E8 /* Community.swift in Sources */ = {isa = PBXBuildFile; fileRef = 65BE762C26C9963D00DD28E8 /* Community.swift */; };
		65BE763026C9983600DD28E8 /* FriendsStorage.swift in Sources */ = {isa = PBXBuildFile; fileRef = 65BE762F26C9983600DD28E8 /* FriendsStorage.swift */; };
		65BE763226C998E300DD28E8 /* CommunityStorage.swift in Sources */ = {isa = PBXBuildFile; fileRef = 65BE763126C998E300DD28E8 /* CommunityStorage.swift */; };
		65BFFD5E281AD85B00089736 /* MySession.swift in Sources */ = {isa = PBXBuildFile; fileRef = 65BFFD5D281AD85B00089736 /* MySession.swift */; };
		65DC60C626EF77B40005D47C /* AnimationThirdPoint.swift in Sources */ = {isa = PBXBuildFile; fileRef = 65DC60C526EF77B40005D47C /* AnimationThirdPoint.swift */; };
		65DC60C826EF7B600005D47C /* AllFriendsViewController.swift in Sources */ = {isa = PBXBuildFile; fileRef = 65DC60C726EF7B600005D47C /* AllFriendsViewController.swift */; };
		65DC60CA26EF84F40005D47C /* AllFriendsAvatarView.swift in Sources */ = {isa = PBXBuildFile; fileRef = 65DC60C926EF84F40005D47C /* AllFriendsAvatarView.swift */; };
		65DC60CC26EF88E00005D47C /* AddFriendsTableViewCell.swift in Sources */ = {isa = PBXBuildFile; fileRef = 65DC60CB26EF88E00005D47C /* AddFriendsTableViewCell.swift */; };
		65E5150D26D3967200FEDF8E /* AvatarView.swift in Sources */ = {isa = PBXBuildFile; fileRef = 65E5150C26D3967200FEDF8E /* AvatarView.swift */; };
		65E769CA26CE6D4F00F2494B /* PhotoGallery.swift in Sources */ = {isa = PBXBuildFile; fileRef = 65E769C926CE6D4F00F2494B /* PhotoGallery.swift */; };
		65E769CC26CE72BF00F2494B /* FriendsPhotoViewCell.swift in Sources */ = {isa = PBXBuildFile; fileRef = 65E769CB26CE72BF00F2494B /* FriendsPhotoViewCell.swift */; };
		65F55BFD26C45B7E00D66902 /* FriendsViewController.swift in Sources */ = {isa = PBXBuildFile; fileRef = 65F55BFC26C45B7E00D66902 /* FriendsViewController.swift */; };
		65F55BFF26C45DB700D66902 /* FriendsTableViewCell.swift in Sources */ = {isa = PBXBuildFile; fileRef = 65F55BFE26C45DB700D66902 /* FriendsTableViewCell.swift */; };
		65F5DBE626C821F600453D1A /* MyCommunityViewController.swift in Sources */ = {isa = PBXBuildFile; fileRef = 65F5DBE526C821F600453D1A /* MyCommunityViewController.swift */; };
		65F6970226DE9FEE007A59C3 /* FriendsPhotoCollectionCustomLayout.swift in Sources */ = {isa = PBXBuildFile; fileRef = 65F6970126DE9FEE007A59C3 /* FriendsPhotoCollectionCustomLayout.swift */; };
		65FD1F562821622500E4E763 /* NetworkManager.swift in Sources */ = {isa = PBXBuildFile; fileRef = 65FD1F552821622500E4E763 /* NetworkManager.swift */; };
		65FD1F5A2821663B00E4E763 /* Users.swift in Sources */ = {isa = PBXBuildFile; fileRef = 65FD1F592821663B00E4E763 /* Users.swift */; };
		65FD1F5C28216D1D00E4E763 /* Groups.swift in Sources */ = {isa = PBXBuildFile; fileRef = 65FD1F5B28216D1D00E4E763 /* Groups.swift */; };
		65FD1F5E28216D4300E4E763 /* Photos.swift in Sources */ = {isa = PBXBuildFile; fileRef = 65FD1F5D28216D4300E4E763 /* Photos.swift */; };
/* End PBXBuildFile section */

/* Begin PBXFileReference section */
		65014BC0282128F40061D063 /* LoginVKViewController.swift */ = {isa = PBXFileReference; lastKnownFileType = sourcecode.swift; path = LoginVKViewController.swift; sourceTree = "<group>"; };
		653B84CE26D3C19000D4D8B3 /* LikeControl.swift */ = {isa = PBXFileReference; lastKnownFileType = sourcecode.swift; path = LikeControl.swift; sourceTree = "<group>"; };
		6571553A26C1B92700816D66 /* VkontakteApp028.app */ = {isa = PBXFileReference; explicitFileType = wrapper.application; includeInIndex = 0; path = VkontakteApp028.app; sourceTree = BUILT_PRODUCTS_DIR; };
		6571553D26C1B92700816D66 /* AppDelegate.swift */ = {isa = PBXFileReference; lastKnownFileType = sourcecode.swift; path = AppDelegate.swift; sourceTree = "<group>"; };
		6571553F26C1B92700816D66 /* SceneDelegate.swift */ = {isa = PBXFileReference; lastKnownFileType = sourcecode.swift; path = SceneDelegate.swift; sourceTree = "<group>"; };
		6571554426C1B92700816D66 /* Base */ = {isa = PBXFileReference; lastKnownFileType = file.storyboard; name = Base; path = Base.lproj/Main.storyboard; sourceTree = "<group>"; };
		6571554626C1B92800816D66 /* Assets.xcassets */ = {isa = PBXFileReference; lastKnownFileType = folder.assetcatalog; path = Assets.xcassets; sourceTree = "<group>"; };
		6571554926C1B92800816D66 /* Base */ = {isa = PBXFileReference; lastKnownFileType = file.storyboard; name = Base; path = Base.lproj/LaunchScreen.storyboard; sourceTree = "<group>"; };
		6571554B26C1B92800816D66 /* Info.plist */ = {isa = PBXFileReference; lastKnownFileType = text.plist.xml; path = Info.plist; sourceTree = "<group>"; };
		6579418E26C318630080AB65 /* LoginFormController.swift */ = {isa = PBXFileReference; lastKnownFileType = sourcecode.swift; path = LoginFormController.swift; sourceTree = "<group>"; };
		6581025A26CC409D006415F7 /* FriendsPhotoViewController.swift */ = {isa = PBXFileReference; lastKnownFileType = sourcecode.swift; path = FriendsPhotoViewController.swift; sourceTree = "<group>"; };
		6581025C26CC440A006415F7 /* AllCommunityViewController.swift */ = {isa = PBXFileReference; lastKnownFileType = sourcecode.swift; path = AllCommunityViewController.swift; sourceTree = "<group>"; };
		6581025E26CC4AD0006415F7 /* AllCommunityTableViewCell.swift */ = {isa = PBXFileReference; lastKnownFileType = sourcecode.swift; path = AllCommunityTableViewCell.swift; sourceTree = "<group>"; };
		6591774E26DE5D7B008CC875 /* CustomHeaderView.swift */ = {isa = PBXFileReference; lastKnownFileType = sourcecode.swift; path = CustomHeaderView.swift; sourceTree = "<group>"; };
		65A5F11F26ECE90C00192AA9 /* CustomNavigationController.swift */ = {isa = PBXFileReference; lastKnownFileType = sourcecode.swift; path = CustomNavigationController.swift; sourceTree = "<group>"; };
		65A5F12126ECEA2C00192AA9 /* CustomPushAnimator.swift */ = {isa = PBXFileReference; lastKnownFileType = sourcecode.swift; path = CustomPushAnimator.swift; sourceTree = "<group>"; };
		65A5F12326ECED6100192AA9 /* CustomPopAnimator.swift */ = {isa = PBXFileReference; lastKnownFileType = sourcecode.swift; path = CustomPopAnimator.swift; sourceTree = "<group>"; };
		65A5F12526ECF6B100192AA9 /* CustomInteractiveTransition.swift */ = {isa = PBXFileReference; lastKnownFileType = sourcecode.swift; path = CustomInteractiveTransition.swift; sourceTree = "<group>"; };
		65A6716C26E92C0200D1EC6E /* BigPhotoFriendsViewController.swift */ = {isa = PBXFileReference; lastKnownFileType = sourcecode.swift; path = BigPhotoFriendsViewController.swift; sourceTree = "<group>"; };
		65A6716E26E933AE00D1EC6E /* BigPhotoFriendsView.swift */ = {isa = PBXFileReference; lastKnownFileType = sourcecode.swift; path = BigPhotoFriendsView.swift; sourceTree = "<group>"; };
		65BE762826C98FED00DD28E8 /* MyCommunityTableViewCell.swift */ = {isa = PBXFileReference; lastKnownFileType = sourcecode.swift; path = MyCommunityTableViewCell.swift; sourceTree = "<group>"; };
		65BE762A26C994C000DD28E8 /* Friends.swift */ = {isa = PBXFileReference; lastKnownFileType = sourcecode.swift; path = Friends.swift; sourceTree = "<group>"; };
		65BE762C26C9963D00DD28E8 /* Community.swift */ = {isa = PBXFileReference; lastKnownFileType = sourcecode.swift; path = Community.swift; sourceTree = "<group>"; };
		65BE762F26C9983600DD28E8 /* FriendsStorage.swift */ = {isa = PBXFileReference; lastKnownFileType = sourcecode.swift; path = FriendsStorage.swift; sourceTree = "<group>"; };
		65BE763126C998E300DD28E8 /* CommunityStorage.swift */ = {isa = PBXFileReference; lastKnownFileType = sourcecode.swift; path = CommunityStorage.swift; sourceTree = "<group>"; };
		65BFFD5D281AD85B00089736 /* MySession.swift */ = {isa = PBXFileReference; lastKnownFileType = sourcecode.swift; path = MySession.swift; sourceTree = "<group>"; };
		65DC60C526EF77B40005D47C /* AnimationThirdPoint.swift */ = {isa = PBXFileReference; lastKnownFileType = sourcecode.swift; path = AnimationThirdPoint.swift; sourceTree = "<group>"; };
		65DC60C726EF7B600005D47C /* AllFriendsViewController.swift */ = {isa = PBXFileReference; lastKnownFileType = sourcecode.swift; path = AllFriendsViewController.swift; sourceTree = "<group>"; };
		65DC60C926EF84F40005D47C /* AllFriendsAvatarView.swift */ = {isa = PBXFileReference; lastKnownFileType = sourcecode.swift; path = AllFriendsAvatarView.swift; sourceTree = "<group>"; };
		65DC60CB26EF88E00005D47C /* AddFriendsTableViewCell.swift */ = {isa = PBXFileReference; lastKnownFileType = sourcecode.swift; path = AddFriendsTableViewCell.swift; sourceTree = "<group>"; };
		65E5150C26D3967200FEDF8E /* AvatarView.swift */ = {isa = PBXFileReference; lastKnownFileType = sourcecode.swift; path = AvatarView.swift; sourceTree = "<group>"; };
		65E769C926CE6D4F00F2494B /* PhotoGallery.swift */ = {isa = PBXFileReference; lastKnownFileType = sourcecode.swift; path = PhotoGallery.swift; sourceTree = "<group>"; };
		65E769CB26CE72BF00F2494B /* FriendsPhotoViewCell.swift */ = {isa = PBXFileReference; lastKnownFileType = sourcecode.swift; path = FriendsPhotoViewCell.swift; sourceTree = "<group>"; };
		65F55BFC26C45B7E00D66902 /* FriendsViewController.swift */ = {isa = PBXFileReference; lastKnownFileType = sourcecode.swift; path = FriendsViewController.swift; sourceTree = "<group>"; };
		65F55BFE26C45DB700D66902 /* FriendsTableViewCell.swift */ = {isa = PBXFileReference; lastKnownFileType = sourcecode.swift; path = FriendsTableViewCell.swift; sourceTree = "<group>"; };
		65F5DBE526C821F600453D1A /* MyCommunityViewController.swift */ = {isa = PBXFileReference; lastKnownFileType = sourcecode.swift; path = MyCommunityViewController.swift; sourceTree = "<group>"; };
		65F6970126DE9FEE007A59C3 /* FriendsPhotoCollectionCustomLayout.swift */ = {isa = PBXFileReference; lastKnownFileType = sourcecode.swift; path = FriendsPhotoCollectionCustomLayout.swift; sourceTree = "<group>"; };
		65FD1F552821622500E4E763 /* NetworkManager.swift */ = {isa = PBXFileReference; lastKnownFileType = sourcecode.swift; path = NetworkManager.swift; sourceTree = "<group>"; };
		65FD1F592821663B00E4E763 /* Users.swift */ = {isa = PBXFileReference; lastKnownFileType = sourcecode.swift; path = Users.swift; sourceTree = "<group>"; };
		65FD1F5B28216D1D00E4E763 /* Groups.swift */ = {isa = PBXFileReference; lastKnownFileType = sourcecode.swift; path = Groups.swift; sourceTree = "<group>"; };
		65FD1F5D28216D4300E4E763 /* Photos.swift */ = {isa = PBXFileReference; lastKnownFileType = sourcecode.swift; path = Photos.swift; sourceTree = "<group>"; };
/* End PBXFileReference section */

/* Begin PBXFrameworksBuildPhase section */
		6571553726C1B92700816D66 /* Frameworks */ = {
			isa = PBXFrameworksBuildPhase;
			buildActionMask = 2147483647;
			files = (
				656A9EDD28286AFA002B172D /* RealmSwift in Frameworks */,
				656A9EDB28286AFA002B172D /* Realm in Frameworks */,
			);
			runOnlyForDeploymentPostprocessing = 0;
		};
/* End PBXFrameworksBuildPhase section */

/* Begin PBXGroup section */
		653B84CD26D3B4D200D4D8B3 /* Control */ = {
			isa = PBXGroup;
			children = (
				653B84CE26D3C19000D4D8B3 /* LikeControl.swift */,
			);
			path = Control;
			sourceTree = "<group>";
		};
		6571553126C1B92700816D66 = {
			isa = PBXGroup;
			children = (
				6571553C26C1B92700816D66 /* VkontakteApp028 */,
				6571553B26C1B92700816D66 /* Products */,
			);
			sourceTree = "<group>";
		};
		6571553B26C1B92700816D66 /* Products */ = {
			isa = PBXGroup;
			children = (
				6571553A26C1B92700816D66 /* VkontakteApp028.app */,
			);
			name = Products;
			sourceTree = "<group>";
		};
		6571553C26C1B92700816D66 /* VkontakteApp028 */ = {
			isa = PBXGroup;
			children = (
				65BFFD59281ACC5900089736 /* Network */,
				65FD1F582821656F00E4E763 /* ModelNetwork */,
				65A5F11B26ECE83100192AA9 /* Animation */,
				6571553D26C1B92700816D66 /* AppDelegate.swift */,
				6571553F26C1B92700816D66 /* SceneDelegate.swift */,
				6579418E26C318630080AB65 /* LoginFormController.swift */,
				65014BC0282128F40061D063 /* LoginVKViewController.swift */,
				65E5150B26D393A200FEDF8E /* Custom */,
				65BE762E26C997B900DD28E8 /* Repository */,
				65BE762726C989AB00DD28E8 /* Model */,
				65FBCE1126C406CF00F8E565 /* Friends */,
				65FBCE0E26C404D600F8E565 /* Community */,
				6571554326C1B92700816D66 /* Main.storyboard */,
				6571554626C1B92800816D66 /* Assets.xcassets */,
				6571554826C1B92800816D66 /* LaunchScreen.storyboard */,
				6571554B26C1B92800816D66 /* Info.plist */,
			);
			path = VkontakteApp028;
			sourceTree = "<group>";
		};
		6581025926CC3FE8006415F7 /* FriendsPhoto */ = {
			isa = PBXGroup;
			children = (
				6581025A26CC409D006415F7 /* FriendsPhotoViewController.swift */,
				65E769CB26CE72BF00F2494B /* FriendsPhotoViewCell.swift */,
				65F6970126DE9FEE007A59C3 /* FriendsPhotoCollectionCustomLayout.swift */,
				65A6716C26E92C0200D1EC6E /* BigPhotoFriendsViewController.swift */,
				65A6716E26E933AE00D1EC6E /* BigPhotoFriendsView.swift */,
			);
			path = FriendsPhoto;
			sourceTree = "<group>";
		};
		65A5F11B26ECE83100192AA9 /* Animation */ = {
			isa = PBXGroup;
			children = (
				65A5F12126ECEA2C00192AA9 /* CustomPushAnimator.swift */,
				65A5F12326ECED6100192AA9 /* CustomPopAnimator.swift */,
				65A5F12526ECF6B100192AA9 /* CustomInteractiveTransition.swift */,
				65DC60C526EF77B40005D47C /* AnimationThirdPoint.swift */,
			);
			path = Animation;
			sourceTree = "<group>";
		};
		65BE762726C989AB00DD28E8 /* Model */ = {
			isa = PBXGroup;
			children = (
				65BE762A26C994C000DD28E8 /* Friends.swift */,
				65BE762C26C9963D00DD28E8 /* Community.swift */,
				65E769C926CE6D4F00F2494B /* PhotoGallery.swift */,
			);
			path = Model;
			sourceTree = "<group>";
		};
		65BE762E26C997B900DD28E8 /* Repository */ = {
			isa = PBXGroup;
			children = (
				65BE762F26C9983600DD28E8 /* FriendsStorage.swift */,
				65BE763126C998E300DD28E8 /* CommunityStorage.swift */,
			);
			path = Repository;
			sourceTree = "<group>";
		};
		65BFFD59281ACC5900089736 /* Network */ = {
			isa = PBXGroup;
			children = (
				65BFFD5D281AD85B00089736 /* MySession.swift */,
				65FD1F552821622500E4E763 /* NetworkManager.swift */,
			);
			path = Network;
			sourceTree = "<group>";
		};
		65E5150B26D393A200FEDF8E /* Custom */ = {
			isa = PBXGroup;
			children = (
				65E5150C26D3967200FEDF8E /* AvatarView.swift */,
				65DC60C926EF84F40005D47C /* AllFriendsAvatarView.swift */,
				653B84CD26D3B4D200D4D8B3 /* Control */,
				65A5F11F26ECE90C00192AA9 /* CustomNavigationController.swift */,
			);
			path = Custom;
			sourceTree = "<group>";
		};
		65FBCE0E26C404D600F8E565 /* Community */ = {
			isa = PBXGroup;
			children = (
				65F5DBE526C821F600453D1A /* MyCommunityViewController.swift */,
				65BE762826C98FED00DD28E8 /* MyCommunityTableViewCell.swift */,
				6581025C26CC440A006415F7 /* AllCommunityViewController.swift */,
				6581025E26CC4AD0006415F7 /* AllCommunityTableViewCell.swift */,
			);
			path = Community;
			sourceTree = "<group>";
		};
		65FBCE1126C406CF00F8E565 /* Friends */ = {
			isa = PBXGroup;
			children = (
				65F55BFC26C45B7E00D66902 /* FriendsViewController.swift */,
				65F55BFE26C45DB700D66902 /* FriendsTableViewCell.swift */,
				6591774E26DE5D7B008CC875 /* CustomHeaderView.swift */,
				65DC60C726EF7B600005D47C /* AllFriendsViewController.swift */,
				65DC60CB26EF88E00005D47C /* AddFriendsTableViewCell.swift */,
				6581025926CC3FE8006415F7 /* FriendsPhoto */,
			);
			path = Friends;
			sourceTree = "<group>";
		};
		65FD1F582821656F00E4E763 /* ModelNetwork */ = {
			isa = PBXGroup;
			children = (
				65FD1F592821663B00E4E763 /* Users.swift */,
				65FD1F5B28216D1D00E4E763 /* Groups.swift */,
				65FD1F5D28216D4300E4E763 /* Photos.swift */,
			);
			path = ModelNetwork;
			sourceTree = "<group>";
		};
/* End PBXGroup section */

/* Begin PBXNativeTarget section */
		6571553926C1B92700816D66 /* VkontakteApp028 */ = {
			isa = PBXNativeTarget;
			buildConfigurationList = 6571554E26C1B92800816D66 /* Build configuration list for PBXNativeTarget "VkontakteApp028" */;
			buildPhases = (
				6571553626C1B92700816D66 /* Sources */,
				6571553726C1B92700816D66 /* Frameworks */,
				6571553826C1B92700816D66 /* Resources */,
			);
			buildRules = (
			);
			dependencies = (
			);
			name = VkontakteApp028;
			packageProductDependencies = (
				656A9EDA28286AFA002B172D /* Realm */,
				656A9EDC28286AFA002B172D /* RealmSwift */,
			);
			productName = VkontakteApp028;
			productReference = 6571553A26C1B92700816D66 /* VkontakteApp028.app */;
			productType = "com.apple.product-type.application";
		};
/* End PBXNativeTarget section */

/* Begin PBXProject section */
		6571553226C1B92700816D66 /* Project object */ = {
			isa = PBXProject;
			attributes = {
				LastSwiftUpdateCheck = 1250;
				LastUpgradeCheck = 1250;
				TargetAttributes = {
					6571553926C1B92700816D66 = {
						CreatedOnToolsVersion = 12.5.1;
					};
				};
			};
			buildConfigurationList = 6571553526C1B92700816D66 /* Build configuration list for PBXProject "VkontakteApp028" */;
			compatibilityVersion = "Xcode 9.3";
			developmentRegion = en;
			hasScannedForEncodings = 0;
			knownRegions = (
				en,
				Base,
			);
			mainGroup = 6571553126C1B92700816D66;
			packageReferences = (
				656A9ED928286AFA002B172D /* XCRemoteSwiftPackageReference "realm-swift" */,
			);
			productRefGroup = 6571553B26C1B92700816D66 /* Products */;
			projectDirPath = "";
			projectRoot = "";
			targets = (
				6571553926C1B92700816D66 /* VkontakteApp028 */,
			);
		};
/* End PBXProject section */

/* Begin PBXResourcesBuildPhase section */
		6571553826C1B92700816D66 /* Resources */ = {
			isa = PBXResourcesBuildPhase;
			buildActionMask = 2147483647;
			files = (
				6571554A26C1B92800816D66 /* LaunchScreen.storyboard in Resources */,
				6571554726C1B92800816D66 /* Assets.xcassets in Resources */,
				6571554526C1B92700816D66 /* Main.storyboard in Resources */,
			);
			runOnlyForDeploymentPostprocessing = 0;
		};
/* End PBXResourcesBuildPhase section */

/* Begin PBXSourcesBuildPhase section */
		6571553626C1B92700816D66 /* Sources */ = {
			isa = PBXSourcesBuildPhase;
			buildActionMask = 2147483647;
			files = (
				65FD1F5E28216D4300E4E763 /* Photos.swift in Sources */,
				65A6716D26E92C0200D1EC6E /* BigPhotoFriendsViewController.swift in Sources */,
				65F55BFD26C45B7E00D66902 /* FriendsViewController.swift in Sources */,
				65A6716F26E933AE00D1EC6E /* BigPhotoFriendsView.swift in Sources */,
				65F6970226DE9FEE007A59C3 /* FriendsPhotoCollectionCustomLayout.swift in Sources */,
				6579418F26C318630080AB65 /* LoginFormController.swift in Sources */,
				6581025B26CC409D006415F7 /* FriendsPhotoViewController.swift in Sources */,
				65E769CA26CE6D4F00F2494B /* PhotoGallery.swift in Sources */,
				65DC60CA26EF84F40005D47C /* AllFriendsAvatarView.swift in Sources */,
				6591774F26DE5D7B008CC875 /* CustomHeaderView.swift in Sources */,
				65DC60CC26EF88E00005D47C /* AddFriendsTableViewCell.swift in Sources */,
				6581025F26CC4AD0006415F7 /* AllCommunityTableViewCell.swift in Sources */,
				65E769CC26CE72BF00F2494B /* FriendsPhotoViewCell.swift in Sources */,
				65BE762926C98FED00DD28E8 /* MyCommunityTableViewCell.swift in Sources */,
				65FD1F5C28216D1D00E4E763 /* Groups.swift in Sources */,
				65BE762D26C9963D00DD28E8 /* Community.swift in Sources */,
				65A5F12026ECE90C00192AA9 /* CustomNavigationController.swift in Sources */,
				65FD1F562821622500E4E763 /* NetworkManager.swift in Sources */,
				65014BC1282128F40061D063 /* LoginVKViewController.swift in Sources */,
				65BE762B26C994C000DD28E8 /* Friends.swift in Sources */,
				65A5F12626ECF6B100192AA9 /* CustomInteractiveTransition.swift in Sources */,
				6581025D26CC440A006415F7 /* AllCommunityViewController.swift in Sources */,
				6571553E26C1B92700816D66 /* AppDelegate.swift in Sources */,
				65F55BFF26C45DB700D66902 /* FriendsTableViewCell.swift in Sources */,
				65A5F12426ECED6100192AA9 /* CustomPopAnimator.swift in Sources */,
				65F5DBE626C821F600453D1A /* MyCommunityViewController.swift in Sources */,
				65DC60C826EF7B600005D47C /* AllFriendsViewController.swift in Sources */,
				65DC60C626EF77B40005D47C /* AnimationThirdPoint.swift in Sources */,
				65FD1F5A2821663B00E4E763 /* Users.swift in Sources */,
				65A5F12226ECEA2C00192AA9 /* CustomPushAnimator.swift in Sources */,
				6571554026C1B92700816D66 /* SceneDelegate.swift in Sources */,
				65BFFD5E281AD85B00089736 /* MySession.swift in Sources */,
				65BE763226C998E300DD28E8 /* CommunityStorage.swift in Sources */,
				65E5150D26D3967200FEDF8E /* AvatarView.swift in Sources */,
				653B84CF26D3C19000D4D8B3 /* LikeControl.swift in Sources */,
				65BE763026C9983600DD28E8 /* FriendsStorage.swift in Sources */,
			);
			runOnlyForDeploymentPostprocessing = 0;
		};
/* End PBXSourcesBuildPhase section */

/* Begin PBXVariantGroup section */
		6571554326C1B92700816D66 /* Main.storyboard */ = {
			isa = PBXVariantGroup;
			children = (
				6571554426C1B92700816D66 /* Base */,
			);
			name = Main.storyboard;
			sourceTree = "<group>";
		};
		6571554826C1B92800816D66 /* LaunchScreen.storyboard */ = {
			isa = PBXVariantGroup;
			children = (
				6571554926C1B92800816D66 /* Base */,
			);
			name = LaunchScreen.storyboard;
			sourceTree = "<group>";
		};
/* End PBXVariantGroup section */

/* Begin XCBuildConfiguration section */
		6571554C26C1B92800816D66 /* Debug */ = {
			isa = XCBuildConfiguration;
			buildSettings = {
				ALWAYS_SEARCH_USER_PATHS = NO;
				CLANG_ANALYZER_NONNULL = YES;
				CLANG_ANALYZER_NUMBER_OBJECT_CONVERSION = YES_AGGRESSIVE;
				CLANG_CXX_LANGUAGE_STANDARD = "gnu++14";
				CLANG_CXX_LIBRARY = "libc++";
				CLANG_ENABLE_MODULES = YES;
				CLANG_ENABLE_OBJC_ARC = YES;
				CLANG_ENABLE_OBJC_WEAK = YES;
				CLANG_WARN_BLOCK_CAPTURE_AUTORELEASING = YES;
				CLANG_WARN_BOOL_CONVERSION = YES;
				CLANG_WARN_COMMA = YES;
				CLANG_WARN_CONSTANT_CONVERSION = YES;
				CLANG_WARN_DEPRECATED_OBJC_IMPLEMENTATIONS = YES;
				CLANG_WARN_DIRECT_OBJC_ISA_USAGE = YES_ERROR;
				CLANG_WARN_DOCUMENTATION_COMMENTS = YES;
				CLANG_WARN_EMPTY_BODY = YES;
				CLANG_WARN_ENUM_CONVERSION = YES;
				CLANG_WARN_INFINITE_RECURSION = YES;
				CLANG_WARN_INT_CONVERSION = YES;
				CLANG_WARN_NON_LITERAL_NULL_CONVERSION = YES;
				CLANG_WARN_OBJC_IMPLICIT_RETAIN_SELF = YES;
				CLANG_WARN_OBJC_LITERAL_CONVERSION = YES;
				CLANG_WARN_OBJC_ROOT_CLASS = YES_ERROR;
				CLANG_WARN_QUOTED_INCLUDE_IN_FRAMEWORK_HEADER = YES;
				CLANG_WARN_RANGE_LOOP_ANALYSIS = YES;
				CLANG_WARN_STRICT_PROTOTYPES = YES;
				CLANG_WARN_SUSPICIOUS_MOVE = YES;
				CLANG_WARN_UNGUARDED_AVAILABILITY = YES_AGGRESSIVE;
				CLANG_WARN_UNREACHABLE_CODE = YES;
				CLANG_WARN__DUPLICATE_METHOD_MATCH = YES;
				COPY_PHASE_STRIP = NO;
				DEBUG_INFORMATION_FORMAT = dwarf;
				ENABLE_STRICT_OBJC_MSGSEND = YES;
				ENABLE_TESTABILITY = YES;
				GCC_C_LANGUAGE_STANDARD = gnu11;
				GCC_DYNAMIC_NO_PIC = NO;
				GCC_NO_COMMON_BLOCKS = YES;
				GCC_OPTIMIZATION_LEVEL = 0;
				GCC_PREPROCESSOR_DEFINITIONS = (
					"DEBUG=1",
					"$(inherited)",
				);
				GCC_WARN_64_TO_32_BIT_CONVERSION = YES;
				GCC_WARN_ABOUT_RETURN_TYPE = YES_ERROR;
				GCC_WARN_UNDECLARED_SELECTOR = YES;
				GCC_WARN_UNINITIALIZED_AUTOS = YES_AGGRESSIVE;
				GCC_WARN_UNUSED_FUNCTION = YES;
				GCC_WARN_UNUSED_VARIABLE = YES;
				IPHONEOS_DEPLOYMENT_TARGET = 14.5;
				MTL_ENABLE_DEBUG_INFO = INCLUDE_SOURCE;
				MTL_FAST_MATH = YES;
				ONLY_ACTIVE_ARCH = YES;
				SDKROOT = iphoneos;
				SWIFT_ACTIVE_COMPILATION_CONDITIONS = DEBUG;
				SWIFT_OPTIMIZATION_LEVEL = "-Onone";
			};
			name = Debug;
		};
		6571554D26C1B92800816D66 /* Release */ = {
			isa = XCBuildConfiguration;
			buildSettings = {
				ALWAYS_SEARCH_USER_PATHS = NO;
				CLANG_ANALYZER_NONNULL = YES;
				CLANG_ANALYZER_NUMBER_OBJECT_CONVERSION = YES_AGGRESSIVE;
				CLANG_CXX_LANGUAGE_STANDARD = "gnu++14";
				CLANG_CXX_LIBRARY = "libc++";
				CLANG_ENABLE_MODULES = YES;
				CLANG_ENABLE_OBJC_ARC = YES;
				CLANG_ENABLE_OBJC_WEAK = YES;
				CLANG_WARN_BLOCK_CAPTURE_AUTORELEASING = YES;
				CLANG_WARN_BOOL_CONVERSION = YES;
				CLANG_WARN_COMMA = YES;
				CLANG_WARN_CONSTANT_CONVERSION = YES;
				CLANG_WARN_DEPRECATED_OBJC_IMPLEMENTATIONS = YES;
				CLANG_WARN_DIRECT_OBJC_ISA_USAGE = YES_ERROR;
				CLANG_WARN_DOCUMENTATION_COMMENTS = YES;
				CLANG_WARN_EMPTY_BODY = YES;
				CLANG_WARN_ENUM_CONVERSION = YES;
				CLANG_WARN_INFINITE_RECURSION = YES;
				CLANG_WARN_INT_CONVERSION = YES;
				CLANG_WARN_NON_LITERAL_NULL_CONVERSION = YES;
				CLANG_WARN_OBJC_IMPLICIT_RETAIN_SELF = YES;
				CLANG_WARN_OBJC_LITERAL_CONVERSION = YES;
				CLANG_WARN_OBJC_ROOT_CLASS = YES_ERROR;
				CLANG_WARN_QUOTED_INCLUDE_IN_FRAMEWORK_HEADER = YES;
				CLANG_WARN_RANGE_LOOP_ANALYSIS = YES;
				CLANG_WARN_STRICT_PROTOTYPES = YES;
				CLANG_WARN_SUSPICIOUS_MOVE = YES;
				CLANG_WARN_UNGUARDED_AVAILABILITY = YES_AGGRESSIVE;
				CLANG_WARN_UNREACHABLE_CODE = YES;
				CLANG_WARN__DUPLICATE_METHOD_MATCH = YES;
				COPY_PHASE_STRIP = NO;
				DEBUG_INFORMATION_FORMAT = "dwarf-with-dsym";
				ENABLE_NS_ASSERTIONS = NO;
				ENABLE_STRICT_OBJC_MSGSEND = YES;
				GCC_C_LANGUAGE_STANDARD = gnu11;
				GCC_NO_COMMON_BLOCKS = YES;
				GCC_WARN_64_TO_32_BIT_CONVERSION = YES;
				GCC_WARN_ABOUT_RETURN_TYPE = YES_ERROR;
				GCC_WARN_UNDECLARED_SELECTOR = YES;
				GCC_WARN_UNINITIALIZED_AUTOS = YES_AGGRESSIVE;
				GCC_WARN_UNUSED_FUNCTION = YES;
				GCC_WARN_UNUSED_VARIABLE = YES;
				IPHONEOS_DEPLOYMENT_TARGET = 14.5;
				MTL_ENABLE_DEBUG_INFO = NO;
				MTL_FAST_MATH = YES;
				SDKROOT = iphoneos;
				SWIFT_COMPILATION_MODE = wholemodule;
				SWIFT_OPTIMIZATION_LEVEL = "-O";
				VALIDATE_PRODUCT = YES;
			};
			name = Release;
		};
		6571554F26C1B92800816D66 /* Debug */ = {
			isa = XCBuildConfiguration;
			buildSettings = {
				ASSETCATALOG_COMPILER_APPICON_NAME = AppIcon;
				ASSETCATALOG_COMPILER_GLOBAL_ACCENT_COLOR_NAME = AccentColor;
				CODE_SIGN_STYLE = Automatic;
				DEVELOPMENT_TEAM = 4B7X8R67WN;
				INFOPLIST_FILE = VkontakteApp028/Info.plist;
				LD_RUNPATH_SEARCH_PATHS = (
					"$(inherited)",
					"@executable_path/Frameworks",
				);
				PRODUCT_BUNDLE_IDENTIFIER = VkontakteApp028;
				PRODUCT_NAME = "$(TARGET_NAME)";
				SWIFT_VERSION = 5.0;
				TARGETED_DEVICE_FAMILY = 1;
			};
			name = Debug;
		};
		6571555026C1B92800816D66 /* Release */ = {
			isa = XCBuildConfiguration;
			buildSettings = {
				ASSETCATALOG_COMPILER_APPICON_NAME = AppIcon;
				ASSETCATALOG_COMPILER_GLOBAL_ACCENT_COLOR_NAME = AccentColor;
				CODE_SIGN_STYLE = Automatic;
				DEVELOPMENT_TEAM = 4B7X8R67WN;
				INFOPLIST_FILE = VkontakteApp028/Info.plist;
				LD_RUNPATH_SEARCH_PATHS = (
					"$(inherited)",
					"@executable_path/Frameworks",
				);
				PRODUCT_BUNDLE_IDENTIFIER = VkontakteApp028;
				PRODUCT_NAME = "$(TARGET_NAME)";
				SWIFT_VERSION = 5.0;
				TARGETED_DEVICE_FAMILY = 1;
			};
			name = Release;
		};
/* End XCBuildConfiguration section */

/* Begin XCConfigurationList section */
		6571553526C1B92700816D66 /* Build configuration list for PBXProject "VkontakteApp028" */ = {
			isa = XCConfigurationList;
			buildConfigurations = (
				6571554C26C1B92800816D66 /* Debug */,
				6571554D26C1B92800816D66 /* Release */,
			);
			defaultConfigurationIsVisible = 0;
			defaultConfigurationName = Release;
		};
		6571554E26C1B92800816D66 /* Build configuration list for PBXNativeTarget "VkontakteApp028" */ = {
			isa = XCConfigurationList;
			buildConfigurations = (
				6571554F26C1B92800816D66 /* Debug */,
				6571555026C1B92800816D66 /* Release */,
			);
			defaultConfigurationIsVisible = 0;
			defaultConfigurationName = Release;
		};
/* End XCConfigurationList section */

/* Begin XCRemoteSwiftPackageReference section */
		656A9ED928286AFA002B172D /* XCRemoteSwiftPackageReference "realm-swift" */ = {
			isa = XCRemoteSwiftPackageReference;
			repositoryURL = "https://github.com/realm/realm-swift.git";
			requirement = {
				branch = master;
				kind = branch;
			};
		};
/* End XCRemoteSwiftPackageReference section */

/* Begin XCSwiftPackageProductDependency section */
		656A9EDA28286AFA002B172D /* Realm */ = {
			isa = XCSwiftPackageProductDependency;
			package = 656A9ED928286AFA002B172D /* XCRemoteSwiftPackageReference "realm-swift" */;
			productName = Realm;
		};
		656A9EDC28286AFA002B172D /* RealmSwift */ = {
			isa = XCSwiftPackageProductDependency;
			package = 656A9ED928286AFA002B172D /* XCRemoteSwiftPackageReference "realm-swift" */;
			productName = RealmSwift;
		};
/* End XCSwiftPackageProductDependency section */
	};
	rootObject = 6571553226C1B92700816D66 /* Project object */;
}
